
Microsoft Visual Studio Solution File, Format Version 12.00
# Visual Studio 15
VisualStudioVersion = 15.0.26228.4
MinimumVisualStudioVersion = 10.0.40219.1
Project("{2150E333-8FDC-42A3-9474-1A3956D46DE8}") = "Freamework", "Freamework", "{8152D025-20A0-408B-A809-37095B6630F6}"
EndProject
Project("{FAE04EC0-301F-11D3-BF4B-00C04F79EFBC}") = "XNY.DataAccess", "XNY.DataAccess\XNY.DataAccess.csproj", "{70251070-D015-4862-907D-41575556E50C}"
EndProject
Project("{FAE04EC0-301F-11D3-BF4B-00C04F79EFBC}") = "XNY.Freamework.Demo", "XNY.Freamework.Demo\XNY.Freamework.Demo.csproj", "{4973FAF9-C813-4963-BA87-3585E297105B}"
EndProject
Project("{FAE04EC0-301F-11D3-BF4B-00C04F79EFBC}") = "DAO", "DAO\DAO.csproj", "{EEF032B8-5C31-4D29-A5F9-3D51E787A746}"
EndProject
Project("{FAE04EC0-301F-11D3-BF4B-00C04F79EFBC}") = "XNYFrame-Test", "XNYFrame-Test\XNYFrame-Test.csproj", "{3A04A297-6963-43F3-A72A-861DCEC685A7}"
EndProject
Project("{FAE04EC0-301F-11D3-BF4B-00C04F79EFBC}") = "XNY.Helper", "XNY.Helper\XNY.Helper.csproj", "{99128AC1-55B1-4B59-8514-5A6DC9075CE6}"
EndProject
Project("{2150E333-8FDC-42A3-9474-1A3956D46DE8}") = "Presentation", "Presentation", "{D01C9521-194F-409F-A997-0A802E029F66}"
EndProject
Project("{2150E333-8FDC-42A3-9474-1A3956D46DE8}") = "Libraries", "Libraries", "{C64E2AF2-86C2-4382-B8F5-C8A4E1B45DBC}"
EndProject
Project("{FAE04EC0-301F-11D3-BF4B-00C04F79EFBC}") = "SWI.Helper.MvcWeb", "SWI.Helper.MvcWeb\SWI.Helper.MvcWeb.csproj", "{57120F6F-0F61-4022-9725-C4AAF401115C}"
EndProject
Project("{2150E333-8FDC-42A3-9474-1A3956D46DE8}") = "Test", "Test", "{39600FCC-21DA-4BF5-B9AD-9A3B01A785B0}"
EndProject
Project("{FAE04EC0-301F-11D3-BF4B-00C04F79EFBC}") = "Core", "Libraries\Core\Core.csproj", "{F90B4160-C206-4B05-B2F0-2640EBCADEF3}"
EndProject
Project("{FAE04EC0-301F-11D3-BF4B-00C04F79EFBC}") = "Api.Service", "Libraries\Api.Service\Api.Service.csproj", "{09660742-145A-42E3-9D25-D8F24C8D9487}"
EndProject
Project("{FAE04EC0-301F-11D3-BF4B-00C04F79EFBC}") = "Service", "Libraries\Service\Service.csproj", "{D4955DC7-751B-42F0-AC7C-1B4654375253}"
EndProject
Project("{FAE04EC0-301F-11D3-BF4B-00C04F79EFBC}") = "WebApi", "Presentation\Test\WebApi\WebApi.csproj", "{9DA8C30B-4A2A-4672-B9BB-CDC45E0C5841}"
EndProject
Global
	GlobalSection(SolutionConfigurationPlatforms) = preSolution
		Debug|Any CPU = Debug|Any CPU
		Release|Any CPU = Release|Any CPU
	EndGlobalSection
	GlobalSection(ProjectConfigurationPlatforms) = postSolution
		{70251070-D015-4862-907D-41575556E50C}.Debug|Any CPU.ActiveCfg = Debug|Any CPU
		{70251070-D015-4862-907D-41575556E50C}.Debug|Any CPU.Build.0 = Debug|Any CPU
		{70251070-D015-4862-907D-41575556E50C}.Release|Any CPU.ActiveCfg = Release|Any CPU
		{70251070-D015-4862-907D-41575556E50C}.Release|Any CPU.Build.0 = Release|Any CPU
		{4973FAF9-C813-4963-BA87-3585E297105B}.Debug|Any CPU.ActiveCfg = Debug|Any CPU
		{4973FAF9-C813-4963-BA87-3585E297105B}.Debug|Any CPU.Build.0 = Debug|Any CPU
		{4973FAF9-C813-4963-BA87-3585E297105B}.Release|Any CPU.ActiveCfg = Release|Any CPU
		{4973FAF9-C813-4963-BA87-3585E297105B}.Release|Any CPU.Build.0 = Release|Any CPU
		{EEF032B8-5C31-4D29-A5F9-3D51E787A746}.Debug|Any CPU.ActiveCfg = Debug|Any CPU
		{EEF032B8-5C31-4D29-A5F9-3D51E787A746}.Debug|Any CPU.Build.0 = Debug|Any CPU
		{EEF032B8-5C31-4D29-A5F9-3D51E787A746}.Release|Any CPU.ActiveCfg = Release|Any CPU
		{EEF032B8-5C31-4D29-A5F9-3D51E787A746}.Release|Any CPU.Build.0 = Release|Any CPU
		{3A04A297-6963-43F3-A72A-861DCEC685A7}.Debug|Any CPU.ActiveCfg = Debug|Any CPU
		{3A04A297-6963-43F3-A72A-861DCEC685A7}.Debug|Any CPU.Build.0 = Debug|Any CPU
		{3A04A297-6963-43F3-A72A-861DCEC685A7}.Release|Any CPU.ActiveCfg = Release|Any CPU
		{3A04A297-6963-43F3-A72A-861DCEC685A7}.Release|Any CPU.Build.0 = Release|Any CPU
		{99128AC1-55B1-4B59-8514-5A6DC9075CE6}.Debug|Any CPU.ActiveCfg = Debug|Any CPU
		{99128AC1-55B1-4B59-8514-5A6DC9075CE6}.Debug|Any CPU.Build.0 = Debug|Any CPU
		{99128AC1-55B1-4B59-8514-5A6DC9075CE6}.Release|Any CPU.ActiveCfg = Release|Any CPU
		{99128AC1-55B1-4B59-8514-5A6DC9075CE6}.Release|Any CPU.Build.0 = Release|Any CPU
		{57120F6F-0F61-4022-9725-C4AAF401115C}.Debug|Any CPU.ActiveCfg = Debug|Any CPU
		{57120F6F-0F61-4022-9725-C4AAF401115C}.Debug|Any CPU.Build.0 = Debug|Any CPU
		{57120F6F-0F61-4022-9725-C4AAF401115C}.Release|Any CPU.ActiveCfg = Release|Any CPU
		{57120F6F-0F61-4022-9725-C4AAF401115C}.Release|Any CPU.Build.0 = Release|Any CPU
		{F90B4160-C206-4B05-B2F0-2640EBCADEF3}.Debug|Any CPU.ActiveCfg = Debug|Any CPU
		{F90B4160-C206-4B05-B2F0-2640EBCADEF3}.Debug|Any CPU.Build.0 = Debug|Any CPU
		{F90B4160-C206-4B05-B2F0-2640EBCADEF3}.Release|Any CPU.ActiveCfg = Release|Any CPU
		{F90B4160-C206-4B05-B2F0-2640EBCADEF3}.Release|Any CPU.Build.0 = Release|Any CPU
		{09660742-145A-42E3-9D25-D8F24C8D9487}.Debug|Any CPU.ActiveCfg = Debug|Any CPU
		{09660742-145A-42E3-9D25-D8F24C8D9487}.Debug|Any CPU.Build.0 = Debug|Any CPU
		{09660742-145A-42E3-9D25-D8F24C8D9487}.Release|Any CPU.ActiveCfg = Release|Any CPU
		{09660742-145A-42E3-9D25-D8F24C8D9487}.Release|Any CPU.Build.0 = Release|Any CPU
		{D4955DC7-751B-42F0-AC7C-1B4654375253}.Debug|Any CPU.ActiveCfg = Debug|Any CPU
		{D4955DC7-751B-42F0-AC7C-1B4654375253}.Debug|Any CPU.Build.0 = Debug|Any CPU
		{D4955DC7-751B-42F0-AC7C-1B4654375253}.Release|Any CPU.ActiveCfg = Release|Any CPU
		{D4955DC7-751B-42F0-AC7C-1B4654375253}.Release|Any CPU.Build.0 = Release|Any CPU
		{9DA8C30B-4A2A-4672-B9BB-CDC45E0C5841}.Debug|Any CPU.ActiveCfg = Debug|Any CPU
		{9DA8C30B-4A2A-4672-B9BB-CDC45E0C5841}.Debug|Any CPU.Build.0 = Debug|Any CPU
		{9DA8C30B-4A2A-4672-B9BB-CDC45E0C5841}.Release|Any CPU.ActiveCfg = Release|Any CPU
		{9DA8C30B-4A2A-4672-B9BB-CDC45E0C5841}.Release|Any CPU.Build.0 = Release|Any CPU
	EndGlobalSection
	GlobalSection(SolutionProperties) = preSolution
		HideSolutionNode = FALSE
	EndGlobalSection
	GlobalSection(NestedProjects) = preSolution
		{70251070-D015-4862-907D-41575556E50C} = {8152D025-20A0-408B-A809-37095B6630F6}
		{4973FAF9-C813-4963-BA87-3585E297105B} = {8152D025-20A0-408B-A809-37095B6630F6}
		{99128AC1-55B1-4B59-8514-5A6DC9075CE6} = {8152D025-20A0-408B-A809-37095B6630F6}
		{57120F6F-0F61-4022-9725-C4AAF401115C} = {8152D025-20A0-408B-A809-37095B6630F6}
		{39600FCC-21DA-4BF5-B9AD-9A3B01A785B0} = {D01C9521-194F-409F-A997-0A802E029F66}
		{F90B4160-C206-4B05-B2F0-2640EBCADEF3} = {C64E2AF2-86C2-4382-B8F5-C8A4E1B45DBC}
		{09660742-145A-42E3-9D25-D8F24C8D9487} = {C64E2AF2-86C2-4382-B8F5-C8A4E1B45DBC}
		{D4955DC7-751B-42F0-AC7C-1B4654375253} = {C64E2AF2-86C2-4382-B8F5-C8A4E1B45DBC}
		{9DA8C30B-4A2A-4672-B9BB-CDC45E0C5841} = {39600FCC-21DA-4BF5-B9AD-9A3B01A785B0}
	EndGlobalSection
	GlobalSection(ExtensibilityGlobals) = postSolution
		VisualSVNWorkingCopyRoot = .
	EndGlobalSection
	GlobalSection(SubversionScc) = preSolution
		Svn-Managed = True
		Manager = AnkhSVN - Subversion Support for Visual Studio
	EndGlobalSection
EndGlobal
